
Microsoft Visual Studio Solution File, Format Version 12.00
# Visual Studio Version 16
VisualStudioVersion = 16.0.31402.337
MinimumVisualStudioVersion = 10.0.40219.1
Project("{FAE04EC0-301F-11D3-BF4B-00C04F79EFBC}") = "Jira_server", "Jira_server.csproj", "{89272F68-EB9E-4101-A5C3-5CFD5A47BEED}"
EndProject
Global
	GlobalSection(SolutionConfigurationPlatforms) = preSolution
		Debug|Any CPU = Debug|Any CPU
		Release|Any CPU = Release|Any CPU
	EndGlobalSection
	GlobalSection(ProjectConfigurationPlatforms) = postSolution
		{89272F68-EB9E-4101-A5C3-5CFD5A47BEED}.Debug|Any CPU.ActiveCfg = Debug|Any CPU
		{89272F68-EB9E-4101-A5C3-5CFD5A47BEED}.Debug|Any CPU.Build.0 = Debug|Any CPU
		{89272F68-EB9E-4101-A5C3-5CFD5A47BEED}.Release|Any CPU.ActiveCfg = Release|Any CPU
		{89272F68-EB9E-4101-A5C3-5CFD5A47BEED}.Release|Any CPU.Build.0 = Release|Any CPU
	EndGlobalSection
	GlobalSection(SolutionProperties) = preSolution
		HideSolutionNode = FALSE
	EndGlobalSection
	GlobalSection(ExtensibilityGlobals) = postSolution
		SolutionGuid = {322824DE-2F1A-48B4-8FCA-FC5992A1F608}
	EndGlobalSection
EndGlobal
